
Microsoft Visual Studio Solution File, Format Version 12.00
# Visual Studio Version 17
VisualStudioVersion = 17.0.32112.339
MinimumVisualStudioVersion = 10.0.40219.1
Project("{FAE04EC0-301F-11D3-BF4B-00C04F79EFBC}") = "Employee", "Employee\Employee.csproj", "{7335834C-3553-4496-BD95-CC859C15CEE7}"
EndProject
Project("{FAE04EC0-301F-11D3-BF4B-00C04F79EFBC}") = "Interfaces", "Interfaces\Interfaces.csproj", "{744D3B66-A2D8-477E-BBB9-F8D31D5C20E7}"
EndProject
Project("{FAE04EC0-301F-11D3-BF4B-00C04F79EFBC}") = "Models", "Models\Models.csproj", "{73FCFD06-477D-476D-8BC3-4D982244237F}"
EndProject
Project("{FAE04EC0-301F-11D3-BF4B-00C04F79EFBC}") = "Services", "Services\Services.csproj", "{4BBCE0B1-A11A-463C-ADE5-6C347B1BF224}"
EndProject
Global
	GlobalSection(SolutionConfigurationPlatforms) = preSolution
		Debug|Any CPU = Debug|Any CPU
		Release|Any CPU = Release|Any CPU
	EndGlobalSection
	GlobalSection(ProjectConfigurationPlatforms) = postSolution
		{7335834C-3553-4496-BD95-CC859C15CEE7}.Debug|Any CPU.ActiveCfg = Debug|Any CPU
		{7335834C-3553-4496-BD95-CC859C15CEE7}.Debug|Any CPU.Build.0 = Debug|Any CPU
		{7335834C-3553-4496-BD95-CC859C15CEE7}.Release|Any CPU.ActiveCfg = Release|Any CPU
		{7335834C-3553-4496-BD95-CC859C15CEE7}.Release|Any CPU.Build.0 = Release|Any CPU
		{744D3B66-A2D8-477E-BBB9-F8D31D5C20E7}.Debug|Any CPU.ActiveCfg = Debug|Any CPU
		{744D3B66-A2D8-477E-BBB9-F8D31D5C20E7}.Debug|Any CPU.Build.0 = Debug|Any CPU
		{744D3B66-A2D8-477E-BBB9-F8D31D5C20E7}.Release|Any CPU.ActiveCfg = Release|Any CPU
		{744D3B66-A2D8-477E-BBB9-F8D31D5C20E7}.Release|Any CPU.Build.0 = Release|Any CPU
		{73FCFD06-477D-476D-8BC3-4D982244237F}.Debug|Any CPU.ActiveCfg = Debug|Any CPU
		{73FCFD06-477D-476D-8BC3-4D982244237F}.Debug|Any CPU.Build.0 = Debug|Any CPU
		{73FCFD06-477D-476D-8BC3-4D982244237F}.Release|Any CPU.ActiveCfg = Release|Any CPU
		{73FCFD06-477D-476D-8BC3-4D982244237F}.Release|Any CPU.Build.0 = Release|Any CPU
		{4BBCE0B1-A11A-463C-ADE5-6C347B1BF224}.Debug|Any CPU.ActiveCfg = Debug|Any CPU
		{4BBCE0B1-A11A-463C-ADE5-6C347B1BF224}.Debug|Any CPU.Build.0 = Debug|Any CPU
		{4BBCE0B1-A11A-463C-ADE5-6C347B1BF224}.Release|Any CPU.ActiveCfg = Release|Any CPU
		{4BBCE0B1-A11A-463C-ADE5-6C347B1BF224}.Release|Any CPU.Build.0 = Release|Any CPU
	EndGlobalSection
	GlobalSection(SolutionProperties) = preSolution
		HideSolutionNode = FALSE
	EndGlobalSection
	GlobalSection(ExtensibilityGlobals) = postSolution
		SolutionGuid = {2697D68D-4C26-4F78-8712-4370F01E7E88}
	EndGlobalSection
EndGlobal
